// !$*UTF8*$!
{
	archiveVersion = 1;
	classes = {
	};
	objectVersion = 56;
	objects = {

/* Begin PBXBuildFile section */
		7168F0F52A71899600BB3AA0 /* FiltersScenePresenter.swift in Sources */ = {isa = PBXBuildFile; fileRef = 7168F0E92A71899600BB3AA0 /* FiltersScenePresenter.swift */; };
		7168F0F62A71899600BB3AA0 /* FiltersSceneRouterContract.swift in Sources */ = {isa = PBXBuildFile; fileRef = 7168F0EA2A71899600BB3AA0 /* FiltersSceneRouterContract.swift */; };
		7168F0F72A71899600BB3AA0 /* FiltersSceneRouter.swift in Sources */ = {isa = PBXBuildFile; fileRef = 7168F0EB2A71899600BB3AA0 /* FiltersSceneRouter.swift */; };
		7168F0F82A71899600BB3AA0 /* FiltersSceneViewController.swift in Sources */ = {isa = PBXBuildFile; fileRef = 7168F0EC2A71899600BB3AA0 /* FiltersSceneViewController.swift */; };
		7168F0F92A71899600BB3AA0 /* FiltersSceneInteractor.swift in Sources */ = {isa = PBXBuildFile; fileRef = 7168F0ED2A71899600BB3AA0 /* FiltersSceneInteractor.swift */; };
		7168F0FA2A71899600BB3AA0 /* FiltersSceneInteractorService.swift in Sources */ = {isa = PBXBuildFile; fileRef = 7168F0EE2A71899600BB3AA0 /* FiltersSceneInteractorService.swift */; };
		7168F0FB2A71899600BB3AA0 /* FiltersSceneInteractorContract.swift in Sources */ = {isa = PBXBuildFile; fileRef = 7168F0EF2A71899600BB3AA0 /* FiltersSceneInteractorContract.swift */; };
		7168F0FC2A71899600BB3AA0 /* FiltersSceneViewModel.swift in Sources */ = {isa = PBXBuildFile; fileRef = 7168F0F02A71899600BB3AA0 /* FiltersSceneViewModel.swift */; };
		7168F0FD2A71899600BB3AA0 /* FiltersSceneViewController.xib in Resources */ = {isa = PBXBuildFile; fileRef = 7168F0F12A71899600BB3AA0 /* FiltersSceneViewController.xib */; };
		7168F0FE2A71899600BB3AA0 /* FiltersSceneViewControllerContract.swift in Sources */ = {isa = PBXBuildFile; fileRef = 7168F0F22A71899600BB3AA0 /* FiltersSceneViewControllerContract.swift */; };
		7168F0FF2A71899600BB3AA0 /* FiltersScenePresenterContract.swift in Sources */ = {isa = PBXBuildFile; fileRef = 7168F0F32A71899600BB3AA0 /* FiltersScenePresenterContract.swift */; };
		7168F1002A71899600BB3AA0 /* FiltersScenePresenterService.swift in Sources */ = {isa = PBXBuildFile; fileRef = 7168F0F42A71899600BB3AA0 /* FiltersScenePresenterService.swift */; };
		7168F10D2A718B2C00BB3AA0 /* FiltersScenePopUpMenu.swift in Sources */ = {isa = PBXBuildFile; fileRef = 7168F10C2A718B2C00BB3AA0 /* FiltersScenePopUpMenu.swift */; };
		7168F10F2A718B8E00BB3AA0 /* FiltersScenePopUpMenuViewModel.swift in Sources */ = {isa = PBXBuildFile; fileRef = 7168F10E2A718B8E00BB3AA0 /* FiltersScenePopUpMenuViewModel.swift */; };
		7168F1112A718BF200BB3AA0 /* FiltersScenePopUpMenuViewModelContract.swift in Sources */ = {isa = PBXBuildFile; fileRef = 7168F1102A718BF200BB3AA0 /* FiltersScenePopUpMenuViewModelContract.swift */; };
		718D16322A6FB65C00E59160 /* AppDelegate.swift in Sources */ = {isa = PBXBuildFile; fileRef = 718D16312A6FB65C00E59160 /* AppDelegate.swift */; };
		718D163B2A6FB65D00E59160 /* Assets.xcassets in Resources */ = {isa = PBXBuildFile; fileRef = 718D163A2A6FB65D00E59160 /* Assets.xcassets */; };
		718D163E2A6FB65D00E59160 /* LaunchScreen.storyboard in Resources */ = {isa = PBXBuildFile; fileRef = 718D163C2A6FB65D00E59160 /* LaunchScreen.storyboard */; };
		718D164B2A6FB7C300E59160 /* AppRouter.swift in Sources */ = {isa = PBXBuildFile; fileRef = 718D164A2A6FB7C300E59160 /* AppRouter.swift */; };
		71C91F4F2A70DED000C378F4 /* AppCore.swift in Sources */ = {isa = PBXBuildFile; fileRef = 71C91F4E2A70DED000C378F4 /* AppCore.swift */; };
		71C91F512A70DF0900C378F4 /* AppCoreContract.swift in Sources */ = {isa = PBXBuildFile; fileRef = 71C91F502A70DF0900C378F4 /* AppCoreContract.swift */; };
		71C91F552A70DFCC00C378F4 /* AppUILayer.swift in Sources */ = {isa = PBXBuildFile; fileRef = 71C91F542A70DFCC00C378F4 /* AppUILayer.swift */; };
		71C91F582A70E08400C378F4 /* AppUILayerContract.swift in Sources */ = {isa = PBXBuildFile; fileRef = 71C91F572A70E08400C378F4 /* AppUILayerContract.swift */; };
		71C91F5D2A70E1F800C378F4 /* AppUILayerStyleWorker.swift in Sources */ = {isa = PBXBuildFile; fileRef = 71C91F5C2A70E1F800C378F4 /* AppUILayerStyleWorker.swift */; };
		71C91F5F2A70E25400C378F4 /* AppUILayerStyleWorkerType.swift in Sources */ = {isa = PBXBuildFile; fileRef = 71C91F5E2A70E25400C378F4 /* AppUILayerStyleWorkerType.swift */; };
		71C91F612A70E2CC00C378F4 /* AppUILayerDeviceWorkerType.swift in Sources */ = {isa = PBXBuildFile; fileRef = 71C91F602A70E2CC00C378F4 /* AppUILayerDeviceWorkerType.swift */; };
		71C91F632A70E30600C378F4 /* AppUILayerDeviceWorker.swift in Sources */ = {isa = PBXBuildFile; fileRef = 71C91F622A70E30600C378F4 /* AppUILayerDeviceWorker.swift */; };
		71C91F662A70E4A200C378F4 /* Logger.swift in Sources */ = {isa = PBXBuildFile; fileRef = 71C91F652A70E4A200C378F4 /* Logger.swift */; };
		71C91F6B2A70E70F00C378F4 /* BaseViewController.swift in Sources */ = {isa = PBXBuildFile; fileRef = 71C91F6A2A70E70F00C378F4 /* BaseViewController.swift */; };
		71C91F6D2A70E74000C378F4 /* NibLoadableView.swift in Sources */ = {isa = PBXBuildFile; fileRef = 71C91F6C2A70E74000C378F4 /* NibLoadableView.swift */; };
		71C91F702A70E76B00C378F4 /* SelfExtractable.swift in Sources */ = {isa = PBXBuildFile; fileRef = 71C91F6F2A70E76B00C378F4 /* SelfExtractable.swift */; };
		71C91F732A70E79D00C378F4 /* Publisher + Subscriber.swift in Sources */ = {isa = PBXBuildFile; fileRef = 71C91F722A70E79D00C378F4 /* Publisher + Subscriber.swift */; };
		71C91F802A70E87E00C378F4 /* InitialScenePresenter.swift in Sources */ = {isa = PBXBuildFile; fileRef = 71C91F742A70E87E00C378F4 /* InitialScenePresenter.swift */; };
		71C91F812A70E87E00C378F4 /* InitialSceneRouterContract.swift in Sources */ = {isa = PBXBuildFile; fileRef = 71C91F752A70E87E00C378F4 /* InitialSceneRouterContract.swift */; };
		71C91F822A70E87E00C378F4 /* InitialSceneRouter.swift in Sources */ = {isa = PBXBuildFile; fileRef = 71C91F762A70E87E00C378F4 /* InitialSceneRouter.swift */; };
		71C91F832A70E87E00C378F4 /* InitialSceneViewController.swift in Sources */ = {isa = PBXBuildFile; fileRef = 71C91F772A70E87E00C378F4 /* InitialSceneViewController.swift */; };
		71C91F842A70E87E00C378F4 /* InitialSceneInteractor.swift in Sources */ = {isa = PBXBuildFile; fileRef = 71C91F782A70E87E00C378F4 /* InitialSceneInteractor.swift */; };
		71C91F852A70E87E00C378F4 /* InitialSceneInteractorService.swift in Sources */ = {isa = PBXBuildFile; fileRef = 71C91F792A70E87E00C378F4 /* InitialSceneInteractorService.swift */; };
		71C91F862A70E87E00C378F4 /* InitialSceneInteractorContract.swift in Sources */ = {isa = PBXBuildFile; fileRef = 71C91F7A2A70E87E00C378F4 /* InitialSceneInteractorContract.swift */; };
		71C91F872A70E87E00C378F4 /* InitialSceneViewModel.swift in Sources */ = {isa = PBXBuildFile; fileRef = 71C91F7B2A70E87E00C378F4 /* InitialSceneViewModel.swift */; };
		71C91F882A70E87E00C378F4 /* InitialSceneViewController.xib in Resources */ = {isa = PBXBuildFile; fileRef = 71C91F7C2A70E87E00C378F4 /* InitialSceneViewController.xib */; };
		71C91F892A70E87E00C378F4 /* InitialSceneViewControllerContract.swift in Sources */ = {isa = PBXBuildFile; fileRef = 71C91F7D2A70E87E00C378F4 /* InitialSceneViewControllerContract.swift */; };
		71C91F8A2A70E87E00C378F4 /* InitialScenePresenterContract.swift in Sources */ = {isa = PBXBuildFile; fileRef = 71C91F7E2A70E87E00C378F4 /* InitialScenePresenterContract.swift */; };
		71C91F8B2A70E87E00C378F4 /* InitialScenePresenterService.swift in Sources */ = {isa = PBXBuildFile; fileRef = 71C91F7F2A70E87E00C378F4 /* InitialScenePresenterService.swift */; };
		71D9D8D12A71477900BC9F65 /* NSObject + Extensions.swift in Sources */ = {isa = PBXBuildFile; fileRef = 71D9D8D02A71477900BC9F65 /* NSObject + Extensions.swift */; };
		71D9D8DF2A71486C00BC9F65 /* MainScenePresenter.swift in Sources */ = {isa = PBXBuildFile; fileRef = 71D9D8D32A71486C00BC9F65 /* MainScenePresenter.swift */; };
		71D9D8E02A71486C00BC9F65 /* MainSceneRouterContract.swift in Sources */ = {isa = PBXBuildFile; fileRef = 71D9D8D42A71486C00BC9F65 /* MainSceneRouterContract.swift */; };
		71D9D8E12A71486C00BC9F65 /* MainSceneRouter.swift in Sources */ = {isa = PBXBuildFile; fileRef = 71D9D8D52A71486C00BC9F65 /* MainSceneRouter.swift */; };
		71D9D8E22A71486C00BC9F65 /* MainSceneViewController.swift in Sources */ = {isa = PBXBuildFile; fileRef = 71D9D8D62A71486C00BC9F65 /* MainSceneViewController.swift */; };
		71D9D8E32A71486C00BC9F65 /* MainSceneInteractor.swift in Sources */ = {isa = PBXBuildFile; fileRef = 71D9D8D72A71486C00BC9F65 /* MainSceneInteractor.swift */; };
		71D9D8E42A71486C00BC9F65 /* MainSceneInteractorService.swift in Sources */ = {isa = PBXBuildFile; fileRef = 71D9D8D82A71486C00BC9F65 /* MainSceneInteractorService.swift */; };
		71D9D8E52A71486C00BC9F65 /* MainSceneInteractorContract.swift in Sources */ = {isa = PBXBuildFile; fileRef = 71D9D8D92A71486C00BC9F65 /* MainSceneInteractorContract.swift */; };
		71D9D8E62A71486C00BC9F65 /* MainSceneViewModel.swift in Sources */ = {isa = PBXBuildFile; fileRef = 71D9D8DA2A71486C00BC9F65 /* MainSceneViewModel.swift */; };
		71D9D8E72A71486C00BC9F65 /* MainSceneViewController.xib in Resources */ = {isa = PBXBuildFile; fileRef = 71D9D8DB2A71486C00BC9F65 /* MainSceneViewController.xib */; };
		71D9D8E82A71486C00BC9F65 /* MainSceneViewControllerContract.swift in Sources */ = {isa = PBXBuildFile; fileRef = 71D9D8DC2A71486C00BC9F65 /* MainSceneViewControllerContract.swift */; };
		71D9D8E92A71486C00BC9F65 /* MainScenePresenterContract.swift in Sources */ = {isa = PBXBuildFile; fileRef = 71D9D8DD2A71486C00BC9F65 /* MainScenePresenterContract.swift */; };
		71D9D8EA2A71486C00BC9F65 /* MainScenePresenterService.swift in Sources */ = {isa = PBXBuildFile; fileRef = 71D9D8DE2A71486C00BC9F65 /* MainScenePresenterService.swift */; };
		71D9D8F42A714AB800BC9F65 /* BlurTransitionAnimator.swift in Sources */ = {isa = PBXBuildFile; fileRef = 71D9D8F32A714AB800BC9F65 /* BlurTransitionAnimator.swift */; };
		71D9D8F82A714BFA00BC9F65 /* PickerViewProvider.swift in Sources */ = {isa = PBXBuildFile; fileRef = 71D9D8F72A714BFA00BC9F65 /* PickerViewProvider.swift */; };
		71D9D8FB2A714C2100BC9F65 /* PickerViewProviderType.swift in Sources */ = {isa = PBXBuildFile; fileRef = 71D9D8FA2A714C2100BC9F65 /* PickerViewProviderType.swift */; };
		71D9D8FD2A714C3600BC9F65 /* PickerViewProviderViewModel.swift in Sources */ = {isa = PBXBuildFile; fileRef = 71D9D8FC2A714C3600BC9F65 /* PickerViewProviderViewModel.swift */; };
		71D9D90C2A7152E800BC9F65 /* ApplyFilterButton.swift in Sources */ = {isa = PBXBuildFile; fileRef = 71D9D90B2A7152E800BC9F65 /* ApplyFilterButton.swift */; };
		71D9D90F2A7153BB00BC9F65 /* PickerViewItemContract.swift in Sources */ = {isa = PBXBuildFile; fileRef = 71D9D90E2A7153BB00BC9F65 /* PickerViewItemContract.swift */; };
		71D9D9142A71540400BC9F65 /* PickerViewItemRegular.swift in Sources */ = {isa = PBXBuildFile; fileRef = 71D9D9132A71540400BC9F65 /* PickerViewItemRegular.swift */; };
		71D9D9162A71543700BC9F65 /* PickerViewItemRegularViewModel.swift in Sources */ = {isa = PBXBuildFile; fileRef = 71D9D9152A71543700BC9F65 /* PickerViewItemRegularViewModel.swift */; };
/* End PBXBuildFile section */

/* Begin PBXFileReference section */
		7168F0E92A71899600BB3AA0 /* FiltersScenePresenter.swift */ = {isa = PBXFileReference; lastKnownFileType = sourcecode.swift; path = FiltersScenePresenter.swift; sourceTree = "<group>"; };
		7168F0EA2A71899600BB3AA0 /* FiltersSceneRouterContract.swift */ = {isa = PBXFileReference; lastKnownFileType = sourcecode.swift; path = FiltersSceneRouterContract.swift; sourceTree = "<group>"; };
		7168F0EB2A71899600BB3AA0 /* FiltersSceneRouter.swift */ = {isa = PBXFileReference; lastKnownFileType = sourcecode.swift; path = FiltersSceneRouter.swift; sourceTree = "<group>"; };
		7168F0EC2A71899600BB3AA0 /* FiltersSceneViewController.swift */ = {isa = PBXFileReference; lastKnownFileType = sourcecode.swift; path = FiltersSceneViewController.swift; sourceTree = "<group>"; };
		7168F0ED2A71899600BB3AA0 /* FiltersSceneInteractor.swift */ = {isa = PBXFileReference; lastKnownFileType = sourcecode.swift; path = FiltersSceneInteractor.swift; sourceTree = "<group>"; };
		7168F0EE2A71899600BB3AA0 /* FiltersSceneInteractorService.swift */ = {isa = PBXFileReference; lastKnownFileType = sourcecode.swift; path = FiltersSceneInteractorService.swift; sourceTree = "<group>"; };
		7168F0EF2A71899600BB3AA0 /* FiltersSceneInteractorContract.swift */ = {isa = PBXFileReference; lastKnownFileType = sourcecode.swift; path = FiltersSceneInteractorContract.swift; sourceTree = "<group>"; };
		7168F0F02A71899600BB3AA0 /* FiltersSceneViewModel.swift */ = {isa = PBXFileReference; lastKnownFileType = sourcecode.swift; path = FiltersSceneViewModel.swift; sourceTree = "<group>"; };
		7168F0F12A71899600BB3AA0 /* FiltersSceneViewController.xib */ = {isa = PBXFileReference; lastKnownFileType = file.xib; path = FiltersSceneViewController.xib; sourceTree = "<group>"; };
		7168F0F22A71899600BB3AA0 /* FiltersSceneViewControllerContract.swift */ = {isa = PBXFileReference; lastKnownFileType = sourcecode.swift; path = FiltersSceneViewControllerContract.swift; sourceTree = "<group>"; };
		7168F0F32A71899600BB3AA0 /* FiltersScenePresenterContract.swift */ = {isa = PBXFileReference; lastKnownFileType = sourcecode.swift; path = FiltersScenePresenterContract.swift; sourceTree = "<group>"; };
		7168F0F42A71899600BB3AA0 /* FiltersScenePresenterService.swift */ = {isa = PBXFileReference; lastKnownFileType = sourcecode.swift; path = FiltersScenePresenterService.swift; sourceTree = "<group>"; };
		7168F10C2A718B2C00BB3AA0 /* FiltersScenePopUpMenu.swift */ = {isa = PBXFileReference; lastKnownFileType = sourcecode.swift; path = FiltersScenePopUpMenu.swift; sourceTree = "<group>"; };
		7168F10E2A718B8E00BB3AA0 /* FiltersScenePopUpMenuViewModel.swift */ = {isa = PBXFileReference; lastKnownFileType = sourcecode.swift; path = FiltersScenePopUpMenuViewModel.swift; sourceTree = "<group>"; };
		7168F1102A718BF200BB3AA0 /* FiltersScenePopUpMenuViewModelContract.swift */ = {isa = PBXFileReference; lastKnownFileType = sourcecode.swift; path = FiltersScenePopUpMenuViewModelContract.swift; sourceTree = "<group>"; };
		718D162E2A6FB65C00E59160 /* CI.app */ = {isa = PBXFileReference; explicitFileType = wrapper.application; includeInIndex = 0; path = CI.app; sourceTree = BUILT_PRODUCTS_DIR; };
		718D16312A6FB65C00E59160 /* AppDelegate.swift */ = {isa = PBXFileReference; lastKnownFileType = sourcecode.swift; path = AppDelegate.swift; sourceTree = "<group>"; };
		718D163A2A6FB65D00E59160 /* Assets.xcassets */ = {isa = PBXFileReference; lastKnownFileType = folder.assetcatalog; path = Assets.xcassets; sourceTree = "<group>"; };
		718D163D2A6FB65D00E59160 /* Base */ = {isa = PBXFileReference; lastKnownFileType = file.storyboard; name = Base; path = Base.lproj/LaunchScreen.storyboard; sourceTree = "<group>"; };
		718D163F2A6FB65D00E59160 /* Info.plist */ = {isa = PBXFileReference; lastKnownFileType = text.plist.xml; path = Info.plist; sourceTree = "<group>"; };
		718D164A2A6FB7C300E59160 /* AppRouter.swift */ = {isa = PBXFileReference; lastKnownFileType = sourcecode.swift; path = AppRouter.swift; sourceTree = "<group>"; };
		71C91F4E2A70DED000C378F4 /* AppCore.swift */ = {isa = PBXFileReference; lastKnownFileType = sourcecode.swift; path = AppCore.swift; sourceTree = "<group>"; };
		71C91F502A70DF0900C378F4 /* AppCoreContract.swift */ = {isa = PBXFileReference; lastKnownFileType = sourcecode.swift; path = AppCoreContract.swift; sourceTree = "<group>"; };
		71C91F542A70DFCC00C378F4 /* AppUILayer.swift */ = {isa = PBXFileReference; lastKnownFileType = sourcecode.swift; path = AppUILayer.swift; sourceTree = "<group>"; };
		71C91F572A70E08400C378F4 /* AppUILayerContract.swift */ = {isa = PBXFileReference; lastKnownFileType = sourcecode.swift; path = AppUILayerContract.swift; sourceTree = "<group>"; };
		71C91F5C2A70E1F800C378F4 /* AppUILayerStyleWorker.swift */ = {isa = PBXFileReference; lastKnownFileType = sourcecode.swift; path = AppUILayerStyleWorker.swift; sourceTree = "<group>"; };
		71C91F5E2A70E25400C378F4 /* AppUILayerStyleWorkerType.swift */ = {isa = PBXFileReference; lastKnownFileType = sourcecode.swift; path = AppUILayerStyleWorkerType.swift; sourceTree = "<group>"; };
		71C91F602A70E2CC00C378F4 /* AppUILayerDeviceWorkerType.swift */ = {isa = PBXFileReference; lastKnownFileType = sourcecode.swift; path = AppUILayerDeviceWorkerType.swift; sourceTree = "<group>"; };
		71C91F622A70E30600C378F4 /* AppUILayerDeviceWorker.swift */ = {isa = PBXFileReference; lastKnownFileType = sourcecode.swift; path = AppUILayerDeviceWorker.swift; sourceTree = "<group>"; };
		71C91F652A70E4A200C378F4 /* Logger.swift */ = {isa = PBXFileReference; lastKnownFileType = sourcecode.swift; path = Logger.swift; sourceTree = "<group>"; };
		71C91F6A2A70E70F00C378F4 /* BaseViewController.swift */ = {isa = PBXFileReference; lastKnownFileType = sourcecode.swift; path = BaseViewController.swift; sourceTree = "<group>"; };
		71C91F6C2A70E74000C378F4 /* NibLoadableView.swift */ = {isa = PBXFileReference; lastKnownFileType = sourcecode.swift; path = NibLoadableView.swift; sourceTree = "<group>"; };
		71C91F6F2A70E76B00C378F4 /* SelfExtractable.swift */ = {isa = PBXFileReference; lastKnownFileType = sourcecode.swift; path = SelfExtractable.swift; sourceTree = "<group>"; };
		71C91F722A70E79D00C378F4 /* Publisher + Subscriber.swift */ = {isa = PBXFileReference; lastKnownFileType = sourcecode.swift; path = "Publisher + Subscriber.swift"; sourceTree = "<group>"; };
		71C91F742A70E87E00C378F4 /* InitialScenePresenter.swift */ = {isa = PBXFileReference; lastKnownFileType = sourcecode.swift; path = InitialScenePresenter.swift; sourceTree = "<group>"; };
		71C91F752A70E87E00C378F4 /* InitialSceneRouterContract.swift */ = {isa = PBXFileReference; lastKnownFileType = sourcecode.swift; path = InitialSceneRouterContract.swift; sourceTree = "<group>"; };
		71C91F762A70E87E00C378F4 /* InitialSceneRouter.swift */ = {isa = PBXFileReference; lastKnownFileType = sourcecode.swift; path = InitialSceneRouter.swift; sourceTree = "<group>"; };
		71C91F772A70E87E00C378F4 /* InitialSceneViewController.swift */ = {isa = PBXFileReference; lastKnownFileType = sourcecode.swift; path = InitialSceneViewController.swift; sourceTree = "<group>"; };
		71C91F782A70E87E00C378F4 /* InitialSceneInteractor.swift */ = {isa = PBXFileReference; lastKnownFileType = sourcecode.swift; path = InitialSceneInteractor.swift; sourceTree = "<group>"; };
		71C91F792A70E87E00C378F4 /* InitialSceneInteractorService.swift */ = {isa = PBXFileReference; lastKnownFileType = sourcecode.swift; path = InitialSceneInteractorService.swift; sourceTree = "<group>"; };
		71C91F7A2A70E87E00C378F4 /* InitialSceneInteractorContract.swift */ = {isa = PBXFileReference; lastKnownFileType = sourcecode.swift; path = InitialSceneInteractorContract.swift; sourceTree = "<group>"; };
		71C91F7B2A70E87E00C378F4 /* InitialSceneViewModel.swift */ = {isa = PBXFileReference; lastKnownFileType = sourcecode.swift; path = InitialSceneViewModel.swift; sourceTree = "<group>"; };
		71C91F7C2A70E87E00C378F4 /* InitialSceneViewController.xib */ = {isa = PBXFileReference; lastKnownFileType = file.xib; path = InitialSceneViewController.xib; sourceTree = "<group>"; };
		71C91F7D2A70E87E00C378F4 /* InitialSceneViewControllerContract.swift */ = {isa = PBXFileReference; lastKnownFileType = sourcecode.swift; path = InitialSceneViewControllerContract.swift; sourceTree = "<group>"; };
		71C91F7E2A70E87E00C378F4 /* InitialScenePresenterContract.swift */ = {isa = PBXFileReference; lastKnownFileType = sourcecode.swift; path = InitialScenePresenterContract.swift; sourceTree = "<group>"; };
		71C91F7F2A70E87E00C378F4 /* InitialScenePresenterService.swift */ = {isa = PBXFileReference; lastKnownFileType = sourcecode.swift; path = InitialScenePresenterService.swift; sourceTree = "<group>"; };
		71D9D8D02A71477900BC9F65 /* NSObject + Extensions.swift */ = {isa = PBXFileReference; lastKnownFileType = sourcecode.swift; path = "NSObject + Extensions.swift"; sourceTree = "<group>"; };
		71D9D8D32A71486C00BC9F65 /* MainScenePresenter.swift */ = {isa = PBXFileReference; lastKnownFileType = sourcecode.swift; path = MainScenePresenter.swift; sourceTree = "<group>"; };
		71D9D8D42A71486C00BC9F65 /* MainSceneRouterContract.swift */ = {isa = PBXFileReference; lastKnownFileType = sourcecode.swift; path = MainSceneRouterContract.swift; sourceTree = "<group>"; };
		71D9D8D52A71486C00BC9F65 /* MainSceneRouter.swift */ = {isa = PBXFileReference; lastKnownFileType = sourcecode.swift; path = MainSceneRouter.swift; sourceTree = "<group>"; };
		71D9D8D62A71486C00BC9F65 /* MainSceneViewController.swift */ = {isa = PBXFileReference; lastKnownFileType = sourcecode.swift; path = MainSceneViewController.swift; sourceTree = "<group>"; };
		71D9D8D72A71486C00BC9F65 /* MainSceneInteractor.swift */ = {isa = PBXFileReference; lastKnownFileType = sourcecode.swift; path = MainSceneInteractor.swift; sourceTree = "<group>"; };
		71D9D8D82A71486C00BC9F65 /* MainSceneInteractorService.swift */ = {isa = PBXFileReference; lastKnownFileType = sourcecode.swift; path = MainSceneInteractorService.swift; sourceTree = "<group>"; };
		71D9D8D92A71486C00BC9F65 /* MainSceneInteractorContract.swift */ = {isa = PBXFileReference; lastKnownFileType = sourcecode.swift; path = MainSceneInteractorContract.swift; sourceTree = "<group>"; };
		71D9D8DA2A71486C00BC9F65 /* MainSceneViewModel.swift */ = {isa = PBXFileReference; lastKnownFileType = sourcecode.swift; path = MainSceneViewModel.swift; sourceTree = "<group>"; };
		71D9D8DB2A71486C00BC9F65 /* MainSceneViewController.xib */ = {isa = PBXFileReference; lastKnownFileType = file.xib; path = MainSceneViewController.xib; sourceTree = "<group>"; };
		71D9D8DC2A71486C00BC9F65 /* MainSceneViewControllerContract.swift */ = {isa = PBXFileReference; lastKnownFileType = sourcecode.swift; path = MainSceneViewControllerContract.swift; sourceTree = "<group>"; };
		71D9D8DD2A71486C00BC9F65 /* MainScenePresenterContract.swift */ = {isa = PBXFileReference; lastKnownFileType = sourcecode.swift; path = MainScenePresenterContract.swift; sourceTree = "<group>"; };
		71D9D8DE2A71486C00BC9F65 /* MainScenePresenterService.swift */ = {isa = PBXFileReference; lastKnownFileType = sourcecode.swift; path = MainScenePresenterService.swift; sourceTree = "<group>"; };
		71D9D8F32A714AB800BC9F65 /* BlurTransitionAnimator.swift */ = {isa = PBXFileReference; lastKnownFileType = sourcecode.swift; path = BlurTransitionAnimator.swift; sourceTree = "<group>"; };
		71D9D8F72A714BFA00BC9F65 /* PickerViewProvider.swift */ = {isa = PBXFileReference; lastKnownFileType = sourcecode.swift; path = PickerViewProvider.swift; sourceTree = "<group>"; };
		71D9D8FA2A714C2100BC9F65 /* PickerViewProviderType.swift */ = {isa = PBXFileReference; lastKnownFileType = sourcecode.swift; path = PickerViewProviderType.swift; sourceTree = "<group>"; };
		71D9D8FC2A714C3600BC9F65 /* PickerViewProviderViewModel.swift */ = {isa = PBXFileReference; lastKnownFileType = sourcecode.swift; path = PickerViewProviderViewModel.swift; sourceTree = "<group>"; };
		71D9D90B2A7152E800BC9F65 /* ApplyFilterButton.swift */ = {isa = PBXFileReference; lastKnownFileType = sourcecode.swift; path = ApplyFilterButton.swift; sourceTree = "<group>"; };
		71D9D90E2A7153BB00BC9F65 /* PickerViewItemContract.swift */ = {isa = PBXFileReference; lastKnownFileType = sourcecode.swift; path = PickerViewItemContract.swift; sourceTree = "<group>"; };
		71D9D9132A71540400BC9F65 /* PickerViewItemRegular.swift */ = {isa = PBXFileReference; lastKnownFileType = sourcecode.swift; path = PickerViewItemRegular.swift; sourceTree = "<group>"; };
		71D9D9152A71543700BC9F65 /* PickerViewItemRegularViewModel.swift */ = {isa = PBXFileReference; lastKnownFileType = sourcecode.swift; path = PickerViewItemRegularViewModel.swift; sourceTree = "<group>"; };
/* End PBXFileReference section */

/* Begin PBXFrameworksBuildPhase section */
		718D162B2A6FB65C00E59160 /* Frameworks */ = {
			isa = PBXFrameworksBuildPhase;
			buildActionMask = 2147483647;
			files = (
			);
			runOnlyForDeploymentPostprocessing = 0;
		};
/* End PBXFrameworksBuildPhase section */

/* Begin PBXGroup section */
		7168F0E82A71896A00BB3AA0 /* FiltersScene */ = {
			isa = PBXGroup;
			children = (
				7168F1052A7189D000BB3AA0 /* Router */,
				7168F1042A7189C400BB3AA0 /* ViewModel */,
				7168F1032A7189B900BB3AA0 /* Interactor */,
				7168F1022A7189AE00BB3AA0 /* Presenter */,
				7168F1012A7189A400BB3AA0 /* View */,
			);
			path = FiltersScene;
			sourceTree = "<group>";
		};
		7168F1012A7189A400BB3AA0 /* View */ = {
			isa = PBXGroup;
			children = (
				7168F1082A718AB900BB3AA0 /* Elements */,
				7168F0EC2A71899600BB3AA0 /* FiltersSceneViewController.swift */,
				7168F0F12A71899600BB3AA0 /* FiltersSceneViewController.xib */,
				7168F0F22A71899600BB3AA0 /* FiltersSceneViewControllerContract.swift */,
			);
			path = View;
			sourceTree = "<group>";
		};
		7168F1022A7189AE00BB3AA0 /* Presenter */ = {
			isa = PBXGroup;
			children = (
				7168F1072A7189EA00BB3AA0 /* Service */,
				7168F0E92A71899600BB3AA0 /* FiltersScenePresenter.swift */,
				7168F0F32A71899600BB3AA0 /* FiltersScenePresenterContract.swift */,
			);
			path = Presenter;
			sourceTree = "<group>";
		};
		7168F1032A7189B900BB3AA0 /* Interactor */ = {
			isa = PBXGroup;
			children = (
				7168F1062A7189E100BB3AA0 /* Service */,
				7168F0ED2A71899600BB3AA0 /* FiltersSceneInteractor.swift */,
				7168F0EF2A71899600BB3AA0 /* FiltersSceneInteractorContract.swift */,
			);
			path = Interactor;
			sourceTree = "<group>";
		};
		7168F1042A7189C400BB3AA0 /* ViewModel */ = {
			isa = PBXGroup;
			children = (
				7168F0F02A71899600BB3AA0 /* FiltersSceneViewModel.swift */,
			);
			path = ViewModel;
			sourceTree = "<group>";
		};
		7168F1052A7189D000BB3AA0 /* Router */ = {
			isa = PBXGroup;
			children = (
				7168F0EA2A71899600BB3AA0 /* FiltersSceneRouterContract.swift */,
				7168F0EB2A71899600BB3AA0 /* FiltersSceneRouter.swift */,
			);
			path = Router;
			sourceTree = "<group>";
		};
		7168F1062A7189E100BB3AA0 /* Service */ = {
			isa = PBXGroup;
			children = (
				7168F0EE2A71899600BB3AA0 /* FiltersSceneInteractorService.swift */,
			);
			path = Service;
			sourceTree = "<group>";
		};
		7168F1072A7189EA00BB3AA0 /* Service */ = {
			isa = PBXGroup;
			children = (
				7168F0F42A71899600BB3AA0 /* FiltersScenePresenterService.swift */,
			);
			path = Service;
			sourceTree = "<group>";
		};
		7168F1082A718AB900BB3AA0 /* Elements */ = {
			isa = PBXGroup;
			children = (
				7168F1092A718AE100BB3AA0 /* PopUpMenu */,
			);
			path = Elements;
			sourceTree = "<group>";
		};
		7168F1092A718AE100BB3AA0 /* PopUpMenu */ = {
			isa = PBXGroup;
			children = (
				7168F10B2A718AFD00BB3AA0 /* ViewModel */,
				7168F10A2A718AF500BB3AA0 /* View */,
			);
			path = PopUpMenu;
			sourceTree = "<group>";
		};
		7168F10A2A718AF500BB3AA0 /* View */ = {
			isa = PBXGroup;
			children = (
				7168F10C2A718B2C00BB3AA0 /* FiltersScenePopUpMenu.swift */,
			);
			path = View;
			sourceTree = "<group>";
		};
		7168F10B2A718AFD00BB3AA0 /* ViewModel */ = {
			isa = PBXGroup;
			children = (
				7168F10E2A718B8E00BB3AA0 /* FiltersScenePopUpMenuViewModel.swift */,
				7168F1102A718BF200BB3AA0 /* FiltersScenePopUpMenuViewModelContract.swift */,
			);
			path = ViewModel;
			sourceTree = "<group>";
		};
		718D16252A6FB65C00E59160 = {
			isa = PBXGroup;
			children = (
				718D16302A6FB65C00E59160 /* CI */,
				718D162F2A6FB65C00E59160 /* Products */,
			);
			sourceTree = "<group>";
		};
		718D162F2A6FB65C00E59160 /* Products */ = {
			isa = PBXGroup;
			children = (
				718D162E2A6FB65C00E59160 /* CI.app */,
			);
			name = Products;
			sourceTree = "<group>";
		};
		718D16302A6FB65C00E59160 /* CI */ = {
			isa = PBXGroup;
			children = (
				718D16472A6FB7A700E59160 /* Application */,
				71C91F672A70E6C300C378F4 /* Common */,
				71C91F682A70E6CB00C378F4 /* Modules */,
				718D16452A6FB6A000E59160 /* LaunchScreen */,
				718D16462A6FB6AC00E59160 /* SupportingFiles */,
			);
			path = CI;
			sourceTree = "<group>";
		};
		718D16452A6FB6A000E59160 /* LaunchScreen */ = {
			isa = PBXGroup;
			children = (
				718D163C2A6FB65D00E59160 /* LaunchScreen.storyboard */,
			);
			path = LaunchScreen;
			sourceTree = "<group>";
		};
		718D16462A6FB6AC00E59160 /* SupportingFiles */ = {
			isa = PBXGroup;
			children = (
				718D163A2A6FB65D00E59160 /* Assets.xcassets */,
				718D163F2A6FB65D00E59160 /* Info.plist */,
			);
			path = SupportingFiles;
			sourceTree = "<group>";
		};
		718D16472A6FB7A700E59160 /* Application */ = {
			isa = PBXGroup;
			children = (
				718D16492A6FB7B900E59160 /* AppRouter */,
				718D16482A6FB7B200E59160 /* AppDelegate */,
				71C91F4D2A70DEB300C378F4 /* AppCore */,
				71C91F642A70E41B00C378F4 /* Utilities */,
			);
			path = Application;
			sourceTree = "<group>";
		};
		718D16482A6FB7B200E59160 /* AppDelegate */ = {
			isa = PBXGroup;
			children = (
				718D16312A6FB65C00E59160 /* AppDelegate.swift */,
			);
			path = AppDelegate;
			sourceTree = "<group>";
		};
		718D16492A6FB7B900E59160 /* AppRouter */ = {
			isa = PBXGroup;
			children = (
				718D164A2A6FB7C300E59160 /* AppRouter.swift */,
			);
			path = AppRouter;
			sourceTree = "<group>";
		};
		71C91F4D2A70DEB300C378F4 /* AppCore */ = {
			isa = PBXGroup;
			children = (
				71C91F522A70DF9500C378F4 /* Layers */,
				71C91F4E2A70DED000C378F4 /* AppCore.swift */,
				71C91F502A70DF0900C378F4 /* AppCoreContract.swift */,
			);
			path = AppCore;
			sourceTree = "<group>";
		};
		71C91F522A70DF9500C378F4 /* Layers */ = {
			isa = PBXGroup;
			children = (
				71C91F532A70DFAE00C378F4 /* UILayer */,
			);
			path = Layers;
			sourceTree = "<group>";
		};
		71C91F532A70DFAE00C378F4 /* UILayer */ = {
			isa = PBXGroup;
			children = (
				71C91F592A70E1B900C378F4 /* Workers */,
				71C91F542A70DFCC00C378F4 /* AppUILayer.swift */,
				71C91F572A70E08400C378F4 /* AppUILayerContract.swift */,
			);
			path = UILayer;
			sourceTree = "<group>";
		};
		71C91F592A70E1B900C378F4 /* Workers */ = {
			isa = PBXGroup;
			children = (
				71C91F5B2A70E1DC00C378F4 /* Device */,
				71C91F5A2A70E1D500C378F4 /* Style */,
			);
			path = Workers;
			sourceTree = "<group>";
		};
		71C91F5A2A70E1D500C378F4 /* Style */ = {
			isa = PBXGroup;
			children = (
				71C91F5C2A70E1F800C378F4 /* AppUILayerStyleWorker.swift */,
				71C91F5E2A70E25400C378F4 /* AppUILayerStyleWorkerType.swift */,
			);
			path = Style;
			sourceTree = "<group>";
		};
		71C91F5B2A70E1DC00C378F4 /* Device */ = {
			isa = PBXGroup;
			children = (
				71C91F622A70E30600C378F4 /* AppUILayerDeviceWorker.swift */,
				71C91F602A70E2CC00C378F4 /* AppUILayerDeviceWorkerType.swift */,
			);
			path = Device;
			sourceTree = "<group>";
		};
		71C91F642A70E41B00C378F4 /* Utilities */ = {
			isa = PBXGroup;
			children = (
				71C91F652A70E4A200C378F4 /* Logger.swift */,
			);
			path = Utilities;
			sourceTree = "<group>";
		};
		71C91F672A70E6C300C378F4 /* Common */ = {
			isa = PBXGroup;
			children = (
				71D9D8CF2A71476200BC9F65 /* Extensions */,
				71C91F6E2A70E75D00C378F4 /* SelfExtractor */,
				71C91F712A70E78100C378F4 /* Publisher + Subscriber */,
				71D9D9082A71529A00BC9F65 /* UIElements */,
				71D9D8F22A714A6F00BC9F65 /* SceneTransitions */,
				71D9D8F52A714BCF00BC9F65 /* Providers */,
				71C91F6A2A70E70F00C378F4 /* BaseViewController.swift */,
				71C91F6C2A70E74000C378F4 /* NibLoadableView.swift */,
			);
			path = Common;
			sourceTree = "<group>";
		};
		71C91F682A70E6CB00C378F4 /* Modules */ = {
			isa = PBXGroup;
			children = (
				71C91F692A70E6F400C378F4 /* InitialScene */,
				71D9D8D22A71485B00BC9F65 /* MainScene */,
				7168F0E82A71896A00BB3AA0 /* FiltersScene */,
			);
			path = Modules;
			sourceTree = "<group>";
		};
		71C91F692A70E6F400C378F4 /* InitialScene */ = {
			isa = PBXGroup;
			children = (
				71C91F902A70E8C300C378F4 /* Router */,
				71C91F8F2A70E8B700C378F4 /* ViewModel */,
				71C91F8E2A70E8A600C378F4 /* Interactor */,
				71C91F8D2A70E89B00C378F4 /* Presenter */,
				71C91F8C2A70E88F00C378F4 /* View */,
			);
			path = InitialScene;
			sourceTree = "<group>";
		};
		71C91F6E2A70E75D00C378F4 /* SelfExtractor */ = {
			isa = PBXGroup;
			children = (
				71C91F6F2A70E76B00C378F4 /* SelfExtractable.swift */,
			);
			path = SelfExtractor;
			sourceTree = "<group>";
		};
		71C91F712A70E78100C378F4 /* Publisher + Subscriber */ = {
			isa = PBXGroup;
			children = (
				71C91F722A70E79D00C378F4 /* Publisher + Subscriber.swift */,
			);
			path = "Publisher + Subscriber";
			sourceTree = "<group>";
		};
		71C91F8C2A70E88F00C378F4 /* View */ = {
			isa = PBXGroup;
			children = (
				71C91F772A70E87E00C378F4 /* InitialSceneViewController.swift */,
				71C91F7C2A70E87E00C378F4 /* InitialSceneViewController.xib */,
				71C91F7D2A70E87E00C378F4 /* InitialSceneViewControllerContract.swift */,
			);
			path = View;
			sourceTree = "<group>";
		};
		71C91F8D2A70E89B00C378F4 /* Presenter */ = {
			isa = PBXGroup;
			children = (
				71C91F922A70E8DE00C378F4 /* Service */,
				71C91F742A70E87E00C378F4 /* InitialScenePresenter.swift */,
				71C91F7E2A70E87E00C378F4 /* InitialScenePresenterContract.swift */,
			);
			path = Presenter;
			sourceTree = "<group>";
		};
		71C91F8E2A70E8A600C378F4 /* Interactor */ = {
			isa = PBXGroup;
			children = (
				71C91F912A70E8D200C378F4 /* Service */,
				71C91F782A70E87E00C378F4 /* InitialSceneInteractor.swift */,
				71C91F7A2A70E87E00C378F4 /* InitialSceneInteractorContract.swift */,
			);
			path = Interactor;
			sourceTree = "<group>";
		};
		71C91F8F2A70E8B700C378F4 /* ViewModel */ = {
			isa = PBXGroup;
			children = (
				71C91F7B2A70E87E00C378F4 /* InitialSceneViewModel.swift */,
			);
			path = ViewModel;
			sourceTree = "<group>";
		};
		71C91F902A70E8C300C378F4 /* Router */ = {
			isa = PBXGroup;
			children = (
				71C91F762A70E87E00C378F4 /* InitialSceneRouter.swift */,
				71C91F752A70E87E00C378F4 /* InitialSceneRouterContract.swift */,
			);
			path = Router;
			sourceTree = "<group>";
		};
		71C91F912A70E8D200C378F4 /* Service */ = {
			isa = PBXGroup;
			children = (
				71C91F792A70E87E00C378F4 /* InitialSceneInteractorService.swift */,
			);
			path = Service;
			sourceTree = "<group>";
		};
		71C91F922A70E8DE00C378F4 /* Service */ = {
			isa = PBXGroup;
			children = (
				71C91F7F2A70E87E00C378F4 /* InitialScenePresenterService.swift */,
			);
			path = Service;
			sourceTree = "<group>";
		};
		71D9D8CF2A71476200BC9F65 /* Extensions */ = {
			isa = PBXGroup;
			children = (
				71D9D8D02A71477900BC9F65 /* NSObject + Extensions.swift */,
			);
			path = Extensions;
			sourceTree = "<group>";
		};
		71D9D8D22A71485B00BC9F65 /* MainScene */ = {
			isa = PBXGroup;
			children = (
				71D9D8EF2A71489D00BC9F65 /* Router */,
				71D9D8EE2A71489400BC9F65 /* ViewModel */,
				71D9D8ED2A71488900BC9F65 /* Interactor */,
				71D9D8EC2A71488000BC9F65 /* Presenter */,
				71D9D8EB2A71487600BC9F65 /* View */,
			);
			path = MainScene;
			sourceTree = "<group>";
		};
		71D9D8EB2A71487600BC9F65 /* View */ = {
			isa = PBXGroup;
			children = (
				71D9D8FE2A714D4100BC9F65 /* Elements */,
				71D9D8D62A71486C00BC9F65 /* MainSceneViewController.swift */,
				71D9D8DB2A71486C00BC9F65 /* MainSceneViewController.xib */,
				71D9D8DC2A71486C00BC9F65 /* MainSceneViewControllerContract.swift */,
			);
			path = View;
			sourceTree = "<group>";
		};
		71D9D8EC2A71488000BC9F65 /* Presenter */ = {
			isa = PBXGroup;
			children = (
				71D9D8F12A7149B100BC9F65 /* Service */,
				71D9D8D32A71486C00BC9F65 /* MainScenePresenter.swift */,
				71D9D8DD2A71486C00BC9F65 /* MainScenePresenterContract.swift */,
			);
			path = Presenter;
			sourceTree = "<group>";
		};
		71D9D8ED2A71488900BC9F65 /* Interactor */ = {
			isa = PBXGroup;
			children = (
				71D9D8F02A7149A100BC9F65 /* Service */,
				71D9D8D72A71486C00BC9F65 /* MainSceneInteractor.swift */,
				71D9D8D92A71486C00BC9F65 /* MainSceneInteractorContract.swift */,
			);
			path = Interactor;
			sourceTree = "<group>";
		};
		71D9D8EE2A71489400BC9F65 /* ViewModel */ = {
			isa = PBXGroup;
			children = (
				71D9D8DA2A71486C00BC9F65 /* MainSceneViewModel.swift */,
			);
			path = ViewModel;
			sourceTree = "<group>";
		};
		71D9D8EF2A71489D00BC9F65 /* Router */ = {
			isa = PBXGroup;
			children = (
				71D9D8D52A71486C00BC9F65 /* MainSceneRouter.swift */,
				71D9D8D42A71486C00BC9F65 /* MainSceneRouterContract.swift */,
			);
			path = Router;
			sourceTree = "<group>";
		};
		71D9D8F02A7149A100BC9F65 /* Service */ = {
			isa = PBXGroup;
			children = (
				71D9D8D82A71486C00BC9F65 /* MainSceneInteractorService.swift */,
			);
			path = Service;
			sourceTree = "<group>";
		};
		71D9D8F12A7149B100BC9F65 /* Service */ = {
			isa = PBXGroup;
			children = (
				71D9D8DE2A71486C00BC9F65 /* MainScenePresenterService.swift */,
			);
			path = Service;
			sourceTree = "<group>";
		};
		71D9D8F22A714A6F00BC9F65 /* SceneTransitions */ = {
			isa = PBXGroup;
			children = (
				71D9D8F32A714AB800BC9F65 /* BlurTransitionAnimator.swift */,
			);
			path = SceneTransitions;
			sourceTree = "<group>";
		};
		71D9D8F52A714BCF00BC9F65 /* Providers */ = {
			isa = PBXGroup;
			children = (
				71D9D8F62A714BDA00BC9F65 /* PickerView */,
			);
			path = Providers;
			sourceTree = "<group>";
		};
		71D9D8F62A714BDA00BC9F65 /* PickerView */ = {
			isa = PBXGroup;
			children = (
				71D9D8F92A714C0F00BC9F65 /* Protocols */,
				71D9D8F72A714BFA00BC9F65 /* PickerViewProvider.swift */,
			);
			path = PickerView;
			sourceTree = "<group>";
		};
		71D9D8F92A714C0F00BC9F65 /* Protocols */ = {
			isa = PBXGroup;
			children = (
				71D9D8FA2A714C2100BC9F65 /* PickerViewProviderType.swift */,
				71D9D8FC2A714C3600BC9F65 /* PickerViewProviderViewModel.swift */,
			);
			path = Protocols;
			sourceTree = "<group>";
		};
		71D9D8FE2A714D4100BC9F65 /* Elements */ = {
			isa = PBXGroup;
			children = (
			);
			path = Elements;
			sourceTree = "<group>";
		};
		71D9D9082A71529A00BC9F65 /* UIElements */ = {
			isa = PBXGroup;
			children = (
				71D9D90D2A71538800BC9F65 /* PickerViewItem */,
				71D9D9092A7152C500BC9F65 /* Buttons */,
			);
			path = UIElements;
			sourceTree = "<group>";
		};
		71D9D9092A7152C500BC9F65 /* Buttons */ = {
			isa = PBXGroup;
			children = (
				71D9D90A2A7152D000BC9F65 /* ApplyFilterButton */,
			);
			path = Buttons;
			sourceTree = "<group>";
		};
		71D9D90A2A7152D000BC9F65 /* ApplyFilterButton */ = {
			isa = PBXGroup;
			children = (
				71D9D90B2A7152E800BC9F65 /* ApplyFilterButton.swift */,
			);
			path = ApplyFilterButton;
			sourceTree = "<group>";
		};
		71D9D90D2A71538800BC9F65 /* PickerViewItem */ = {
			isa = PBXGroup;
			children = (
				71D9D9102A7153D400BC9F65 /* Regular */,
				71D9D90E2A7153BB00BC9F65 /* PickerViewItemContract.swift */,
			);
			path = PickerViewItem;
			sourceTree = "<group>";
		};
		71D9D9102A7153D400BC9F65 /* Regular */ = {
			isa = PBXGroup;
			children = (
				71D9D9122A7153E100BC9F65 /* ViewModel */,
				71D9D9112A7153DB00BC9F65 /* View */,
			);
			path = Regular;
			sourceTree = "<group>";
		};
		71D9D9112A7153DB00BC9F65 /* View */ = {
			isa = PBXGroup;
			children = (
				71D9D9132A71540400BC9F65 /* PickerViewItemRegular.swift */,
			);
			path = View;
			sourceTree = "<group>";
		};
		71D9D9122A7153E100BC9F65 /* ViewModel */ = {
			isa = PBXGroup;
			children = (
				71D9D9152A71543700BC9F65 /* PickerViewItemRegularViewModel.swift */,
			);
			path = ViewModel;
			sourceTree = "<group>";
		};
/* End PBXGroup section */

/* Begin PBXNativeTarget section */
		718D162D2A6FB65C00E59160 /* CI */ = {
			isa = PBXNativeTarget;
			buildConfigurationList = 718D16422A6FB65D00E59160 /* Build configuration list for PBXNativeTarget "CI" */;
			buildPhases = (
				718D162A2A6FB65C00E59160 /* Sources */,
				718D162B2A6FB65C00E59160 /* Frameworks */,
				718D162C2A6FB65C00E59160 /* Resources */,
			);
			buildRules = (
			);
			dependencies = (
			);
			name = CI;
			productName = CI;
			productReference = 718D162E2A6FB65C00E59160 /* CI.app */;
			productType = "com.apple.product-type.application";
		};
/* End PBXNativeTarget section */

/* Begin PBXProject section */
		718D16262A6FB65C00E59160 /* Project object */ = {
			isa = PBXProject;
			attributes = {
				BuildIndependentTargetsInParallel = 1;
				LastSwiftUpdateCheck = 1430;
				LastUpgradeCheck = 1430;
				TargetAttributes = {
					718D162D2A6FB65C00E59160 = {
						CreatedOnToolsVersion = 14.3.1;
					};
				};
			};
			buildConfigurationList = 718D16292A6FB65C00E59160 /* Build configuration list for PBXProject "CI" */;
			compatibilityVersion = "Xcode 14.0";
			developmentRegion = en;
			hasScannedForEncodings = 0;
			knownRegions = (
				en,
				Base,
			);
			mainGroup = 718D16252A6FB65C00E59160;
			productRefGroup = 718D162F2A6FB65C00E59160 /* Products */;
			projectDirPath = "";
			projectRoot = "";
			targets = (
				718D162D2A6FB65C00E59160 /* CI */,
			);
		};
/* End PBXProject section */

/* Begin PBXResourcesBuildPhase section */
		718D162C2A6FB65C00E59160 /* Resources */ = {
			isa = PBXResourcesBuildPhase;
			buildActionMask = 2147483647;
			files = (
				71C91F882A70E87E00C378F4 /* InitialSceneViewController.xib in Resources */,
				718D163E2A6FB65D00E59160 /* LaunchScreen.storyboard in Resources */,
				71D9D8E72A71486C00BC9F65 /* MainSceneViewController.xib in Resources */,
				718D163B2A6FB65D00E59160 /* Assets.xcassets in Resources */,
				7168F0FD2A71899600BB3AA0 /* FiltersSceneViewController.xib in Resources */,
			);
			runOnlyForDeploymentPostprocessing = 0;
		};
/* End PBXResourcesBuildPhase section */

/* Begin PBXSourcesBuildPhase section */
		718D162A2A6FB65C00E59160 /* Sources */ = {
			isa = PBXSourcesBuildPhase;
			buildActionMask = 2147483647;
			files = (
				71C91F8B2A70E87E00C378F4 /* InitialScenePresenterService.swift in Sources */,
				71C91F552A70DFCC00C378F4 /* AppUILayer.swift in Sources */,
				71D9D8FD2A714C3600BC9F65 /* PickerViewProviderViewModel.swift in Sources */,
				71D9D90F2A7153BB00BC9F65 /* PickerViewItemContract.swift in Sources */,
				7168F1002A71899600BB3AA0 /* FiltersScenePresenterService.swift in Sources */,
				71D9D8E32A71486C00BC9F65 /* MainSceneInteractor.swift in Sources */,
				71D9D8E02A71486C00BC9F65 /* MainSceneRouterContract.swift in Sources */,
				71C91F662A70E4A200C378F4 /* Logger.swift in Sources */,
				71C91F732A70E79D00C378F4 /* Publisher + Subscriber.swift in Sources */,
				71C91F512A70DF0900C378F4 /* AppCoreContract.swift in Sources */,
				71C91F4F2A70DED000C378F4 /* AppCore.swift in Sources */,
				7168F10F2A718B8E00BB3AA0 /* FiltersScenePopUpMenuViewModel.swift in Sources */,
				71D9D8E22A71486C00BC9F65 /* MainSceneViewController.swift in Sources */,
				71C91F5F2A70E25400C378F4 /* AppUILayerStyleWorkerType.swift in Sources */,
				71C91F802A70E87E00C378F4 /* InitialScenePresenter.swift in Sources */,
				71C91F6B2A70E70F00C378F4 /* BaseViewController.swift in Sources */,
				7168F0F62A71899600BB3AA0 /* FiltersSceneRouterContract.swift in Sources */,
				71D9D8EA2A71486C00BC9F65 /* MainScenePresenterService.swift in Sources */,
				71C91F812A70E87E00C378F4 /* InitialSceneRouterContract.swift in Sources */,
				71C91F5D2A70E1F800C378F4 /* AppUILayerStyleWorker.swift in Sources */,
				71D9D8E62A71486C00BC9F65 /* MainSceneViewModel.swift in Sources */,
				71C91F872A70E87E00C378F4 /* InitialSceneViewModel.swift in Sources */,
				71D9D8F42A714AB800BC9F65 /* BlurTransitionAnimator.swift in Sources */,
				71D9D8E42A71486C00BC9F65 /* MainSceneInteractorService.swift in Sources */,
				71C91F632A70E30600C378F4 /* AppUILayerDeviceWorker.swift in Sources */,
				718D164B2A6FB7C300E59160 /* AppRouter.swift in Sources */,
				71C91F832A70E87E00C378F4 /* InitialSceneViewController.swift in Sources */,
				71C91F852A70E87E00C378F4 /* InitialSceneInteractorService.swift in Sources */,
				7168F0F52A71899600BB3AA0 /* FiltersScenePresenter.swift in Sources */,
				71D9D8E52A71486C00BC9F65 /* MainSceneInteractorContract.swift in Sources */,
				71C91F702A70E76B00C378F4 /* SelfExtractable.swift in Sources */,
				71C91F892A70E87E00C378F4 /* InitialSceneViewControllerContract.swift in Sources */,
				71C91F6D2A70E74000C378F4 /* NibLoadableView.swift in Sources */,
				71D9D8E12A71486C00BC9F65 /* MainSceneRouter.swift in Sources */,
				7168F0F82A71899600BB3AA0 /* FiltersSceneViewController.swift in Sources */,
				71D9D9142A71540400BC9F65 /* PickerViewItemRegular.swift in Sources */,
				71C91F822A70E87E00C378F4 /* InitialSceneRouter.swift in Sources */,
				7168F10D2A718B2C00BB3AA0 /* FiltersScenePopUpMenu.swift in Sources */,
				718D16322A6FB65C00E59160 /* AppDelegate.swift in Sources */,
				71D9D8E82A71486C00BC9F65 /* MainSceneViewControllerContract.swift in Sources */,
				7168F0F92A71899600BB3AA0 /* FiltersSceneInteractor.swift in Sources */,
				71D9D8F82A714BFA00BC9F65 /* PickerViewProvider.swift in Sources */,
				7168F0FE2A71899600BB3AA0 /* FiltersSceneViewControllerContract.swift in Sources */,
				7168F0FF2A71899600BB3AA0 /* FiltersScenePresenterContract.swift in Sources */,
				7168F1112A718BF200BB3AA0 /* FiltersScenePopUpMenuViewModelContract.swift in Sources */,
				71D9D8D12A71477900BC9F65 /* NSObject + Extensions.swift in Sources */,
				71C91F582A70E08400C378F4 /* AppUILayerContract.swift in Sources */,
				7168F0FC2A71899600BB3AA0 /* FiltersSceneViewModel.swift in Sources */,
				71C91F842A70E87E00C378F4 /* InitialSceneInteractor.swift in Sources */,
				71D9D90C2A7152E800BC9F65 /* ApplyFilterButton.swift in Sources */,
				71D9D8FB2A714C2100BC9F65 /* PickerViewProviderType.swift in Sources */,
				7168F0FB2A71899600BB3AA0 /* FiltersSceneInteractorContract.swift in Sources */,
				71D9D8E92A71486C00BC9F65 /* MainScenePresenterContract.swift in Sources */,
				7168F0FA2A71899600BB3AA0 /* FiltersSceneInteractorService.swift in Sources */,
				71D9D9162A71543700BC9F65 /* PickerViewItemRegularViewModel.swift in Sources */,
				7168F0F72A71899600BB3AA0 /* FiltersSceneRouter.swift in Sources */,
				71C91F862A70E87E00C378F4 /* InitialSceneInteractorContract.swift in Sources */,
				71C91F612A70E2CC00C378F4 /* AppUILayerDeviceWorkerType.swift in Sources */,
				71D9D8DF2A71486C00BC9F65 /* MainScenePresenter.swift in Sources */,
				71C91F8A2A70E87E00C378F4 /* InitialScenePresenterContract.swift in Sources */,
			);
			runOnlyForDeploymentPostprocessing = 0;
		};
/* End PBXSourcesBuildPhase section */

/* Begin PBXVariantGroup section */
		718D163C2A6FB65D00E59160 /* LaunchScreen.storyboard */ = {
			isa = PBXVariantGroup;
			children = (
				718D163D2A6FB65D00E59160 /* Base */,
			);
			name = LaunchScreen.storyboard;
			sourceTree = "<group>";
		};
/* End PBXVariantGroup section */

/* Begin XCBuildConfiguration section */
		718D16402A6FB65D00E59160 /* Debug */ = {
			isa = XCBuildConfiguration;
			buildSettings = {
				ALWAYS_SEARCH_USER_PATHS = NO;
				CLANG_ANALYZER_NONNULL = YES;
				CLANG_ANALYZER_NUMBER_OBJECT_CONVERSION = YES_AGGRESSIVE;
				CLANG_CXX_LANGUAGE_STANDARD = "gnu++20";
				CLANG_ENABLE_MODULES = YES;
				CLANG_ENABLE_OBJC_ARC = YES;
				CLANG_ENABLE_OBJC_WEAK = YES;
				CLANG_WARN_BLOCK_CAPTURE_AUTORELEASING = YES;
				CLANG_WARN_BOOL_CONVERSION = YES;
				CLANG_WARN_COMMA = YES;
				CLANG_WARN_CONSTANT_CONVERSION = YES;
				CLANG_WARN_DEPRECATED_OBJC_IMPLEMENTATIONS = YES;
				CLANG_WARN_DIRECT_OBJC_ISA_USAGE = YES_ERROR;
				CLANG_WARN_DOCUMENTATION_COMMENTS = YES;
				CLANG_WARN_EMPTY_BODY = YES;
				CLANG_WARN_ENUM_CONVERSION = YES;
				CLANG_WARN_INFINITE_RECURSION = YES;
				CLANG_WARN_INT_CONVERSION = YES;
				CLANG_WARN_NON_LITERAL_NULL_CONVERSION = YES;
				CLANG_WARN_OBJC_IMPLICIT_RETAIN_SELF = YES;
				CLANG_WARN_OBJC_LITERAL_CONVERSION = YES;
				CLANG_WARN_OBJC_ROOT_CLASS = YES_ERROR;
				CLANG_WARN_QUOTED_INCLUDE_IN_FRAMEWORK_HEADER = YES;
				CLANG_WARN_RANGE_LOOP_ANALYSIS = YES;
				CLANG_WARN_STRICT_PROTOTYPES = YES;
				CLANG_WARN_SUSPICIOUS_MOVE = YES;
				CLANG_WARN_UNGUARDED_AVAILABILITY = YES_AGGRESSIVE;
				CLANG_WARN_UNREACHABLE_CODE = YES;
				CLANG_WARN__DUPLICATE_METHOD_MATCH = YES;
				COPY_PHASE_STRIP = NO;
				DEBUG_INFORMATION_FORMAT = dwarf;
				ENABLE_STRICT_OBJC_MSGSEND = YES;
				ENABLE_TESTABILITY = YES;
				GCC_C_LANGUAGE_STANDARD = gnu11;
				GCC_DYNAMIC_NO_PIC = NO;
				GCC_NO_COMMON_BLOCKS = YES;
				GCC_OPTIMIZATION_LEVEL = 0;
				GCC_PREPROCESSOR_DEFINITIONS = (
					"DEBUG=1",
					"$(inherited)",
				);
				GCC_WARN_64_TO_32_BIT_CONVERSION = YES;
				GCC_WARN_ABOUT_RETURN_TYPE = YES_ERROR;
				GCC_WARN_UNDECLARED_SELECTOR = YES;
				GCC_WARN_UNINITIALIZED_AUTOS = YES_AGGRESSIVE;
				GCC_WARN_UNUSED_FUNCTION = YES;
				GCC_WARN_UNUSED_VARIABLE = YES;
				IPHONEOS_DEPLOYMENT_TARGET = 16.4;
				MTL_ENABLE_DEBUG_INFO = INCLUDE_SOURCE;
				MTL_FAST_MATH = YES;
				ONLY_ACTIVE_ARCH = YES;
				SDKROOT = iphoneos;
				SWIFT_ACTIVE_COMPILATION_CONDITIONS = DEBUG;
				SWIFT_OPTIMIZATION_LEVEL = "-Onone";
			};
			name = Debug;
		};
		718D16412A6FB65D00E59160 /* Release */ = {
			isa = XCBuildConfiguration;
			buildSettings = {
				ALWAYS_SEARCH_USER_PATHS = NO;
				CLANG_ANALYZER_NONNULL = YES;
				CLANG_ANALYZER_NUMBER_OBJECT_CONVERSION = YES_AGGRESSIVE;
				CLANG_CXX_LANGUAGE_STANDARD = "gnu++20";
				CLANG_ENABLE_MODULES = YES;
				CLANG_ENABLE_OBJC_ARC = YES;
				CLANG_ENABLE_OBJC_WEAK = YES;
				CLANG_WARN_BLOCK_CAPTURE_AUTORELEASING = YES;
				CLANG_WARN_BOOL_CONVERSION = YES;
				CLANG_WARN_COMMA = YES;
				CLANG_WARN_CONSTANT_CONVERSION = YES;
				CLANG_WARN_DEPRECATED_OBJC_IMPLEMENTATIONS = YES;
				CLANG_WARN_DIRECT_OBJC_ISA_USAGE = YES_ERROR;
				CLANG_WARN_DOCUMENTATION_COMMENTS = YES;
				CLANG_WARN_EMPTY_BODY = YES;
				CLANG_WARN_ENUM_CONVERSION = YES;
				CLANG_WARN_INFINITE_RECURSION = YES;
				CLANG_WARN_INT_CONVERSION = YES;
				CLANG_WARN_NON_LITERAL_NULL_CONVERSION = YES;
				CLANG_WARN_OBJC_IMPLICIT_RETAIN_SELF = YES;
				CLANG_WARN_OBJC_LITERAL_CONVERSION = YES;
				CLANG_WARN_OBJC_ROOT_CLASS = YES_ERROR;
				CLANG_WARN_QUOTED_INCLUDE_IN_FRAMEWORK_HEADER = YES;
				CLANG_WARN_RANGE_LOOP_ANALYSIS = YES;
				CLANG_WARN_STRICT_PROTOTYPES = YES;
				CLANG_WARN_SUSPICIOUS_MOVE = YES;
				CLANG_WARN_UNGUARDED_AVAILABILITY = YES_AGGRESSIVE;
				CLANG_WARN_UNREACHABLE_CODE = YES;
				CLANG_WARN__DUPLICATE_METHOD_MATCH = YES;
				COPY_PHASE_STRIP = NO;
				DEBUG_INFORMATION_FORMAT = "dwarf-with-dsym";
				ENABLE_NS_ASSERTIONS = NO;
				ENABLE_STRICT_OBJC_MSGSEND = YES;
				GCC_C_LANGUAGE_STANDARD = gnu11;
				GCC_NO_COMMON_BLOCKS = YES;
				GCC_WARN_64_TO_32_BIT_CONVERSION = YES;
				GCC_WARN_ABOUT_RETURN_TYPE = YES_ERROR;
				GCC_WARN_UNDECLARED_SELECTOR = YES;
				GCC_WARN_UNINITIALIZED_AUTOS = YES_AGGRESSIVE;
				GCC_WARN_UNUSED_FUNCTION = YES;
				GCC_WARN_UNUSED_VARIABLE = YES;
				IPHONEOS_DEPLOYMENT_TARGET = 16.4;
				MTL_ENABLE_DEBUG_INFO = NO;
				MTL_FAST_MATH = YES;
				SDKROOT = iphoneos;
				SWIFT_COMPILATION_MODE = wholemodule;
				SWIFT_OPTIMIZATION_LEVEL = "-O";
				VALIDATE_PRODUCT = YES;
			};
			name = Release;
		};
		718D16432A6FB65D00E59160 /* Debug */ = {
			isa = XCBuildConfiguration;
			buildSettings = {
				ASSETCATALOG_COMPILER_APPICON_NAME = AppIcon;
				ASSETCATALOG_COMPILER_GLOBAL_ACCENT_COLOR_NAME = AccentColor;
				CODE_SIGN_STYLE = Automatic;
				CURRENT_PROJECT_VERSION = 1;
				DEVELOPMENT_TEAM = 54L37Y4QC4;
				GENERATE_INFOPLIST_FILE = YES;
				INFOPLIST_FILE = CI/SupportingFiles/Info.plist;
				INFOPLIST_KEY_CFBundleDisplayName = CI;
				INFOPLIST_KEY_LSApplicationCategoryType = "public.app-category.photography";
				INFOPLIST_KEY_UIApplicationSupportsIndirectInputEvents = YES;
				INFOPLIST_KEY_UILaunchStoryboardName = LaunchScreen;
				INFOPLIST_KEY_UISupportedInterfaceOrientations_iPad = "UIInterfaceOrientationPortrait UIInterfaceOrientationPortraitUpsideDown UIInterfaceOrientationLandscapeLeft UIInterfaceOrientationLandscapeRight";
				INFOPLIST_KEY_UISupportedInterfaceOrientations_iPhone = "UIInterfaceOrientationPortrait UIInterfaceOrientationLandscapeLeft UIInterfaceOrientationLandscapeRight";
				LD_RUNPATH_SEARCH_PATHS = (
					"$(inherited)",
					"@executable_path/Frameworks",
				);
				MARKETING_VERSION = 1.0;
				PRODUCT_BUNDLE_IDENTIFIER = com.yarizzer.CI;
				PRODUCT_NAME = "$(TARGET_NAME)";
				SWIFT_EMIT_LOC_STRINGS = YES;
				SWIFT_VERSION = 5.0;
				TARGETED_DEVICE_FAMILY = "1,2";
			};
			name = Debug;
		};
		718D16442A6FB65D00E59160 /* Release */ = {
			isa = XCBuildConfiguration;
			buildSettings = {
				ASSETCATALOG_COMPILER_APPICON_NAME = AppIcon;
				ASSETCATALOG_COMPILER_GLOBAL_ACCENT_COLOR_NAME = AccentColor;
				CODE_SIGN_STYLE = Automatic;
				CURRENT_PROJECT_VERSION = 1;
				DEVELOPMENT_TEAM = 54L37Y4QC4;
				GENERATE_INFOPLIST_FILE = YES;
				INFOPLIST_FILE = CI/SupportingFiles/Info.plist;
				INFOPLIST_KEY_CFBundleDisplayName = CI;
				INFOPLIST_KEY_LSApplicationCategoryType = "public.app-category.photography";
				INFOPLIST_KEY_UIApplicationSupportsIndirectInputEvents = YES;
				INFOPLIST_KEY_UILaunchStoryboardName = LaunchScreen;
				INFOPLIST_KEY_UISupportedInterfaceOrientations_iPad = "UIInterfaceOrientationPortrait UIInterfaceOrientationPortraitUpsideDown UIInterfaceOrientationLandscapeLeft UIInterfaceOrientationLandscapeRight";
				INFOPLIST_KEY_UISupportedInterfaceOrientations_iPhone = "UIInterfaceOrientationPortrait UIInterfaceOrientationLandscapeLeft UIInterfaceOrientationLandscapeRight";
				LD_RUNPATH_SEARCH_PATHS = (
					"$(inherited)",
					"@executable_path/Frameworks",
				);
				MARKETING_VERSION = 1.0;
				PRODUCT_BUNDLE_IDENTIFIER = com.yarizzer.CI;
				PRODUCT_NAME = "$(TARGET_NAME)";
				SWIFT_EMIT_LOC_STRINGS = YES;
				SWIFT_VERSION = 5.0;
				TARGETED_DEVICE_FAMILY = "1,2";
			};
			name = Release;
		};
/* End XCBuildConfiguration section */

/* Begin XCConfigurationList section */
		718D16292A6FB65C00E59160 /* Build configuration list for PBXProject "CI" */ = {
			isa = XCConfigurationList;
			buildConfigurations = (
				718D16402A6FB65D00E59160 /* Debug */,
				718D16412A6FB65D00E59160 /* Release */,
			);
			defaultConfigurationIsVisible = 0;
			defaultConfigurationName = Release;
		};
		718D16422A6FB65D00E59160 /* Build configuration list for PBXNativeTarget "CI" */ = {
			isa = XCConfigurationList;
			buildConfigurations = (
				718D16432A6FB65D00E59160 /* Debug */,
				718D16442A6FB65D00E59160 /* Release */,
			);
			defaultConfigurationIsVisible = 0;
			defaultConfigurationName = Release;
		};
/* End XCConfigurationList section */
	};
	rootObject = 718D16262A6FB65C00E59160 /* Project object */;
}
